
Microsoft Visual Studio Solution File, Format Version 12.00
# Visual Studio 14
VisualStudioVersion = 14.0.25420.1
MinimumVisualStudioVersion = 10.0.40219.1
Project("{FAE04EC0-301F-11D3-BF4B-00C04F79EFBC}") = "ContactList.Api", "ContactList.Api\ContactList.Api.csproj", "{BC029198-5DDC-4FC6-85A6-926670F282CE}"
EndProject
Project("{FAE04EC0-301F-11D3-BF4B-00C04F79EFBC}") = "ContactList.Persistence", "ContactList.Persistence\ContactList.Persistence.csproj", "{229367DB-65A7-405C-83CB-AA6FFE064B60}"
EndProject
Project("{FAE04EC0-301F-11D3-BF4B-00C04F79EFBC}") = "ContactList.Domain", "ContactList.Domain\ContactList.Domain.csproj", "{D39C8BF9-9493-4411-9BFC-7063E7959068}"
EndProject
Project("{FAE04EC0-301F-11D3-BF4B-00C04F79EFBC}") = "WebRequests", "Xamarin17Start\ImageListView\WebRequests.csproj", "{7E76D2AF-BAF9-43A7-AF87-1906C17B7BF5}"
EndProject
Project("{FAE04EC0-301F-11D3-BF4B-00C04F79EFBC}") = "ContactList.ApplicationModels", "ContactList.ApplicationModels\ContactList.ApplicationModels.csproj", "{674EE37D-015C-4440-80D7-A2BF1E2F4231}"
EndProject
Project("{FAE04EC0-301F-11D3-BF4B-00C04F79EFBC}") = "ContactList.Application", "ContactList.Application\ContactList.Application.csproj", "{19F620E6-D4D3-4BDA-8D06-EDC0AE6A947F}"
EndProject
Global
	GlobalSection(SolutionConfigurationPlatforms) = preSolution
		Debug|Any CPU = Debug|Any CPU
		Release|Any CPU = Release|Any CPU
	EndGlobalSection
	GlobalSection(ProjectConfigurationPlatforms) = postSolution
		{BC029198-5DDC-4FC6-85A6-926670F282CE}.Debug|Any CPU.ActiveCfg = Debug|Any CPU
		{BC029198-5DDC-4FC6-85A6-926670F282CE}.Debug|Any CPU.Build.0 = Debug|Any CPU
		{BC029198-5DDC-4FC6-85A6-926670F282CE}.Release|Any CPU.ActiveCfg = Release|Any CPU
		{BC029198-5DDC-4FC6-85A6-926670F282CE}.Release|Any CPU.Build.0 = Release|Any CPU
		{229367DB-65A7-405C-83CB-AA6FFE064B60}.Debug|Any CPU.ActiveCfg = Debug|Any CPU
		{229367DB-65A7-405C-83CB-AA6FFE064B60}.Debug|Any CPU.Build.0 = Debug|Any CPU
		{229367DB-65A7-405C-83CB-AA6FFE064B60}.Release|Any CPU.ActiveCfg = Release|Any CPU
		{229367DB-65A7-405C-83CB-AA6FFE064B60}.Release|Any CPU.Build.0 = Release|Any CPU
		{D39C8BF9-9493-4411-9BFC-7063E7959068}.Debug|Any CPU.ActiveCfg = Debug|Any CPU
		{D39C8BF9-9493-4411-9BFC-7063E7959068}.Debug|Any CPU.Build.0 = Debug|Any CPU
		{D39C8BF9-9493-4411-9BFC-7063E7959068}.Release|Any CPU.ActiveCfg = Release|Any CPU
		{D39C8BF9-9493-4411-9BFC-7063E7959068}.Release|Any CPU.Build.0 = Release|Any CPU
		{7E76D2AF-BAF9-43A7-AF87-1906C17B7BF5}.Debug|Any CPU.ActiveCfg = Debug|Any CPU
		{7E76D2AF-BAF9-43A7-AF87-1906C17B7BF5}.Debug|Any CPU.Build.0 = Debug|Any CPU
		{7E76D2AF-BAF9-43A7-AF87-1906C17B7BF5}.Debug|Any CPU.Deploy.0 = Debug|Any CPU
		{7E76D2AF-BAF9-43A7-AF87-1906C17B7BF5}.Release|Any CPU.ActiveCfg = Release|Any CPU
		{7E76D2AF-BAF9-43A7-AF87-1906C17B7BF5}.Release|Any CPU.Build.0 = Release|Any CPU
		{7E76D2AF-BAF9-43A7-AF87-1906C17B7BF5}.Release|Any CPU.Deploy.0 = Release|Any CPU
		{674EE37D-015C-4440-80D7-A2BF1E2F4231}.Debug|Any CPU.ActiveCfg = Debug|Any CPU
		{674EE37D-015C-4440-80D7-A2BF1E2F4231}.Debug|Any CPU.Build.0 = Debug|Any CPU
		{674EE37D-015C-4440-80D7-A2BF1E2F4231}.Release|Any CPU.ActiveCfg = Release|Any CPU
		{674EE37D-015C-4440-80D7-A2BF1E2F4231}.Release|Any CPU.Build.0 = Release|Any CPU
		{19F620E6-D4D3-4BDA-8D06-EDC0AE6A947F}.Debug|Any CPU.ActiveCfg = Debug|Any CPU
		{19F620E6-D4D3-4BDA-8D06-EDC0AE6A947F}.Debug|Any CPU.Build.0 = Debug|Any CPU
		{19F620E6-D4D3-4BDA-8D06-EDC0AE6A947F}.Release|Any CPU.ActiveCfg = Release|Any CPU
		{19F620E6-D4D3-4BDA-8D06-EDC0AE6A947F}.Release|Any CPU.Build.0 = Release|Any CPU
	EndGlobalSection
	GlobalSection(SolutionProperties) = preSolution
		HideSolutionNode = FALSE
	EndGlobalSection
EndGlobal
